
Microsoft Visual Studio Solution File, Format Version 12.00
# Visual Studio 15
VisualStudioVersion = 15.0.26730.12
MinimumVisualStudioVersion = 10.0.40219.1
Project("{FAE04EC0-301F-11D3-BF4B-00C04F79EFBC}") = "ACT.A12S-Helper", "ACT.A12S-Helper\ACT.A12S-Helper.csproj", "{62503746-E95B-4CFF-BDFE-1211A93E537F}"
EndProject
Global
	GlobalSection(SolutionConfigurationPlatforms) = preSolution
		Debug|Any CPU = Debug|Any CPU
		Release|Any CPU = Release|Any CPU
	EndGlobalSection
	GlobalSection(ProjectConfigurationPlatforms) = postSolution
		{62503746-E95B-4CFF-BDFE-1211A93E537F}.Debug|Any CPU.ActiveCfg = Debug|Any CPU
		{62503746-E95B-4CFF-BDFE-1211A93E537F}.Debug|Any CPU.Build.0 = Debug|Any CPU
		{62503746-E95B-4CFF-BDFE-1211A93E537F}.Release|Any CPU.ActiveCfg = Release|Any CPU
		{62503746-E95B-4CFF-BDFE-1211A93E537F}.Release|Any CPU.Build.0 = Release|Any CPU
	EndGlobalSection
	GlobalSection(SolutionProperties) = preSolution
		HideSolutionNode = FALSE
	EndGlobalSection
	GlobalSection(ExtensibilityGlobals) = postSolution
		SolutionGuid = {4B39C829-8108-4E92-AD04-B7F1D3914423}
	EndGlobalSection
EndGlobal
